
Microsoft Visual Studio Solution File, Format Version 12.00
# Visual Studio Version 17
VisualStudioVersion = 17.3.32804.467
MinimumVisualStudioVersion = 10.0.40219.1
Project("{2150E333-8FDC-42A3-9474-1A3956D46DE8}") = "Elementos de la solución", "Elementos de la solución", "{F4B220FC-2C18-486D-BDFF-178B826DCCD5}"
	ProjectSection(SolutionItems) = preProject
		.gitignore = .gitignore
		CHANGES.md = CHANGES.md
	EndProjectSection
EndProject
Project("{FAE04EC0-301F-11D3-BF4B-00C04F79EFBC}") = "FotoChef.Forms", "FotoChef.Forms\FotoChef.Forms.csproj", "{119640D3-191C-4BD9-A19F-BA0010059C81}"
EndProject
Project("{FAE04EC0-301F-11D3-BF4B-00C04F79EFBC}") = "FotoChef.Models", "FotoChef.Models\FotoChef.Models.csproj", "{7BD96FC6-ED85-4F8E-9637-B291E7235BD1}"
EndProject
Global
	GlobalSection(SolutionConfigurationPlatforms) = preSolution
		Debug|Any CPU = Debug|Any CPU
		Release|Any CPU = Release|Any CPU
	EndGlobalSection
	GlobalSection(ProjectConfigurationPlatforms) = postSolution
		{119640D3-191C-4BD9-A19F-BA0010059C81}.Debug|Any CPU.ActiveCfg = Debug|Any CPU
		{119640D3-191C-4BD9-A19F-BA0010059C81}.Debug|Any CPU.Build.0 = Debug|Any CPU
		{119640D3-191C-4BD9-A19F-BA0010059C81}.Release|Any CPU.ActiveCfg = Release|Any CPU
		{119640D3-191C-4BD9-A19F-BA0010059C81}.Release|Any CPU.Build.0 = Release|Any CPU
		{7BD96FC6-ED85-4F8E-9637-B291E7235BD1}.Debug|Any CPU.ActiveCfg = Debug|Any CPU
		{7BD96FC6-ED85-4F8E-9637-B291E7235BD1}.Debug|Any CPU.Build.0 = Debug|Any CPU
		{7BD96FC6-ED85-4F8E-9637-B291E7235BD1}.Release|Any CPU.ActiveCfg = Release|Any CPU
		{7BD96FC6-ED85-4F8E-9637-B291E7235BD1}.Release|Any CPU.Build.0 = Release|Any CPU
	EndGlobalSection
	GlobalSection(SolutionProperties) = preSolution
		HideSolutionNode = FALSE
	EndGlobalSection
	GlobalSection(ExtensibilityGlobals) = postSolution
		SolutionGuid = {84F6A175-CACA-4F9B-BBE9-6EF2EABD6174}
	EndGlobalSection
EndGlobal
